# THIS IS AN AUTOGENERATED FILE. DO NOT EDIT THIS FILE DIRECTLY.
# yarn lockfile v1


bcrypto@~5.4.0:
  version "5.4.0"
  resolved "https://registry.yarnpkg.com/bcrypto/-/bcrypto-5.4.0.tgz#4046f0c44a4b301eff84de593b4f86fce8d91db2"
  integrity sha512-KDX2CR29o6ZoqpQndcCxFZAtYA1jDMnXU3jmCfzP44g++Cu7AHHtZN/JbrN/MXAg9SLvtQ8XISG+eVD9zH1+Jg==
  dependencies:
    bufio "~1.0.7"
    loady "~0.0.5"

bfile@~0.2.2:
  version "0.2.2"
  resolved "https://registry.yarnpkg.com/bfile/-/bfile-0.2.2.tgz#b0c205cee1ff22a9525304ec51f09195a7afa077"
  integrity sha512-X205SsJ7zFAnjeJ/pBLqDqF10x/4Su3pBy8UdVKw4hdGJk7t5pLoRi+uG4rPaDAClGbrEfT/06PGUbYiMYKzTg==

bmocha@^2.1.5:
  version "2.1.5"
  resolved "https://registry.yarnpkg.com/bmocha/-/bmocha-2.1.5.tgz#c689fda79ecbdfb66e9e5265236acbe20a873e93"
  integrity sha512-hEO+jQC+6CMxdxSqKPjqAdIDvRWHfdGgsMh4fUmatkMewbYr2O6qMIbW7Lhcmkcnz8bwRHZuEdDaBt/16NofoA==

brq@~0.1.8:
  version "0.1.8"
  resolved "https://registry.yarnpkg.com/brq/-/brq-0.1.8.tgz#35c68bf48e0aef19e397dcd1a1ba7a0cfb3baca2"
  integrity sha512-6SDY1lJMKXgt5TZ6voJQMH2zV1XPWWtm203PSkx3DSg9AYNYuRfOPFSBDkNemabzgpzFW9/neR4YhTvyJml8rQ==
  dependencies:
    bsert "~0.0.10"

bsert@~0.0.10:
  version "0.0.10"
  resolved "https://registry.yarnpkg.com/bsert/-/bsert-0.0.10.tgz#231ac82873a1418c6ade301ab5cd9ae385895597"
  integrity sha512-NHNwlac+WPy4t2LoNh8pXk8uaIGH3NSaIUbTTRXGpE2WEbq0te/tDykYHkFK57YKLPjv/aGHmbqvnGeVWDz57Q==

bufio@~1.0.7:
  version "1.0.7"
  resolved "https://registry.yarnpkg.com/bufio/-/bufio-1.0.7.tgz#b7f63a1369a0829ed64cc14edf0573b3e382a33e"
  integrity sha512-bd1dDQhiC+bEbEfg56IdBv7faWa6OipMs/AFFFvtFnB3wAYjlwQpQRZ0pm6ZkgtfL0pILRXhKxOiQj6UzoMR7A==

goosig@~0.10.0:
  version "0.10.0"
  resolved "https://registry.yarnpkg.com/goosig/-/goosig-0.10.0.tgz#f73da6234af54bd47420c29672ce877b6c05d902"
  integrity sha512-+BVVLfxmawAmGVjjJpXzu5LNcFIOfgXgP7kWEyc3qu/xn9RMqbPbNfYDdHBZKfZkDMIO7Q4vD790iNYQAXhoFA==
  dependencies:
    bcrypto "~5.4.0"
    bsert "~0.0.10"
    loady "~0.0.5"

loady@~0.0.5:
  version "0.0.5"
  resolved "https://registry.yarnpkg.com/loady/-/loady-0.0.5.tgz#b17adb52d2fb7e743f107b0928ba0b591da5d881"
  integrity sha512-uxKD2HIj042/HBx77NBcmEPsD+hxCgAtjEWlYNScuUjIsh/62Uyu39GOR68TBR68v+jqDL9zfftCWoUo4y03sQ==
